
Microsoft Visual Studio Solution File, Format Version 12.00
# Visual Studio Version 17
VisualStudioVersion = 17.4.33205.214
MinimumVisualStudioVersion = 10.0.40219.1
Project("{2150E333-8FDC-42A3-9474-1A3956D46DE8}") = "00 - Build", "00 - Build", "{BF8B0D75-A2E1-4A91-8581-6C218FE73FC0}"
	ProjectSection(SolutionItems) = preProject
		.editorconfig = .editorconfig
		build.cake = build.cake
		Directory.Build.props = Directory.Build.props
		.config\dotnet-tools.json = .config\dotnet-tools.json
	EndProjectSection
EndProject
Project("{9A19103F-16F7-4668-BE54-9A1E7A4F7556}") = "DeclarativeCommandLine", "DeclarativeCommandLine\DeclarativeCommandLine.csproj", "{7B5549CC-B020-4A82-85E4-05672A701EBC}"
EndProject
Project("{9A19103F-16F7-4668-BE54-9A1E7A4F7556}") = "DeclarativeCommandLine.UnitTest", "DeclarativeCommandLine.UnitTest\DeclarativeCommandLine.UnitTest.csproj", "{901ACE8B-2536-48C6-9774-22B8A7228924}"
EndProject
Project("{9A19103F-16F7-4668-BE54-9A1E7A4F7556}") = "DeclarativeCommandLine.TestApp", "DeclarativeCommandLine.TestApp\DeclarativeCommandLine.TestApp.csproj", "{A67A5841-D567-4D56-A9B5-9EE93C898114}"
EndProject
Global
	GlobalSection(SolutionConfigurationPlatforms) = preSolution
		Debug|Any CPU = Debug|Any CPU
		Release|Any CPU = Release|Any CPU
	EndGlobalSection
	GlobalSection(ProjectConfigurationPlatforms) = postSolution
		{7B5549CC-B020-4A82-85E4-05672A701EBC}.Debug|Any CPU.ActiveCfg = Debug|Any CPU
		{7B5549CC-B020-4A82-85E4-05672A701EBC}.Debug|Any CPU.Build.0 = Debug|Any CPU
		{7B5549CC-B020-4A82-85E4-05672A701EBC}.Release|Any CPU.ActiveCfg = Release|Any CPU
		{7B5549CC-B020-4A82-85E4-05672A701EBC}.Release|Any CPU.Build.0 = Release|Any CPU
		{901ACE8B-2536-48C6-9774-22B8A7228924}.Debug|Any CPU.ActiveCfg = Debug|Any CPU
		{901ACE8B-2536-48C6-9774-22B8A7228924}.Debug|Any CPU.Build.0 = Debug|Any CPU
		{901ACE8B-2536-48C6-9774-22B8A7228924}.Release|Any CPU.ActiveCfg = Release|Any CPU
		{901ACE8B-2536-48C6-9774-22B8A7228924}.Release|Any CPU.Build.0 = Release|Any CPU
		{A67A5841-D567-4D56-A9B5-9EE93C898114}.Debug|Any CPU.ActiveCfg = Debug|Any CPU
		{A67A5841-D567-4D56-A9B5-9EE93C898114}.Debug|Any CPU.Build.0 = Debug|Any CPU
		{A67A5841-D567-4D56-A9B5-9EE93C898114}.Release|Any CPU.ActiveCfg = Release|Any CPU
		{A67A5841-D567-4D56-A9B5-9EE93C898114}.Release|Any CPU.Build.0 = Release|Any CPU
	EndGlobalSection
	GlobalSection(SolutionProperties) = preSolution
		HideSolutionNode = FALSE
	EndGlobalSection
	GlobalSection(ExtensibilityGlobals) = postSolution
		SolutionGuid = {728FD3B3-6BAC-49FE-9D6B-B0AFEBE5C7B9}
	EndGlobalSection
EndGlobal
