
Microsoft Visual Studio Solution File, Format Version 12.00
# Visual Studio Version 17
VisualStudioVersion = 17.4.33205.214
MinimumVisualStudioVersion = 10.0.40219.1
Project("{2150E333-8FDC-42A3-9474-1A3956D46DE8}") = "01-Build", "01-Build", "{BF8B0D75-A2E1-4A91-8581-6C218FE73FC0}"
EndProject
Project("{2150E333-8FDC-42A3-9474-1A3956D46DE8}") = "00-Sln", "00-Sln", "{E5052DCF-8EF4-43FE-B5C6-8B19678E3395}"
	ProjectSection(SolutionItems) = preProject
		..\LICENSE = ..\LICENSE
		..\README.md = ..\README.md
		build.cmd = build.cmd
		build.ps1 = build.ps1
		build.sh = build.sh
		Directory.Build.props = Directory.Build.props
		Directory.Packages.props = Directory.Packages.props
		global.json = global.json
		stylecop.json = stylecop.json
		..\.editorconfig = ..\.editorconfig
		..\.gitattributes = ..\.gitattributes
		..\.gitignore = ..\.gitignore
		..\VERSION = ..\VERSION
	EndProjectSection
EndProject
Project("{2150E333-8FDC-42A3-9474-1A3956D46DE8}") = "10-Lib", "10-Lib", "{99D3C865-48C1-4931-B248-7E9B26FF1FF8}"
EndProject
Project("{2150E333-8FDC-42A3-9474-1A3956D46DE8}") = "20-TestApp", "20-TestApp", "{B84A79C5-19CB-48CE-8914-3B5E83F83A1B}"
EndProject
Project("{FAE04EC0-301F-11D3-BF4B-00C04F79EFBC}") = "DeclarativeCommandLine", "10-Lib\DeclarativeCommandLine\DeclarativeCommandLine.csproj", "{A97779FE-07E1-4A86-9F70-1C65B2EFBB7B}"
EndProject
Project("{FAE04EC0-301F-11D3-BF4B-00C04F79EFBC}") = "DeclarativeCommandLine.UnitTest", "10-Lib\DeclarativeCommandLine.UnitTest\DeclarativeCommandLine.UnitTest.csproj", "{0DF3CFA3-BCE8-4505-93C6-60F5090C08CC}"
EndProject
Project("{FAE04EC0-301F-11D3-BF4B-00C04F79EFBC}") = "DeclarativeCommandLine.TestApp", "20-TestApp\DeclarativeCommandLine.TestApp\DeclarativeCommandLine.TestApp.csproj", "{0E0677D6-1C4C-4213-BD2B-5F31B334B1CB}"
EndProject
Project("{FAE04EC0-301F-11D3-BF4B-00C04F79EFBC}") = "NukeBuild", "01-Build\NukeBuild\NukeBuild.csproj", "{F5E9B9A6-E85A-4F7E-9E58-83C24B72BEC6}"
EndProject
Global
	GlobalSection(SolutionConfigurationPlatforms) = preSolution
		Debug|Any CPU = Debug|Any CPU
		Release|Any CPU = Release|Any CPU
	EndGlobalSection
	GlobalSection(ProjectConfigurationPlatforms) = postSolution
		{A97779FE-07E1-4A86-9F70-1C65B2EFBB7B}.Debug|Any CPU.ActiveCfg = Debug|Any CPU
		{A97779FE-07E1-4A86-9F70-1C65B2EFBB7B}.Debug|Any CPU.Build.0 = Debug|Any CPU
		{A97779FE-07E1-4A86-9F70-1C65B2EFBB7B}.Release|Any CPU.ActiveCfg = Release|Any CPU
		{A97779FE-07E1-4A86-9F70-1C65B2EFBB7B}.Release|Any CPU.Build.0 = Release|Any CPU
		{0DF3CFA3-BCE8-4505-93C6-60F5090C08CC}.Debug|Any CPU.ActiveCfg = Debug|Any CPU
		{0DF3CFA3-BCE8-4505-93C6-60F5090C08CC}.Debug|Any CPU.Build.0 = Debug|Any CPU
		{0DF3CFA3-BCE8-4505-93C6-60F5090C08CC}.Release|Any CPU.ActiveCfg = Release|Any CPU
		{0DF3CFA3-BCE8-4505-93C6-60F5090C08CC}.Release|Any CPU.Build.0 = Release|Any CPU
		{0E0677D6-1C4C-4213-BD2B-5F31B334B1CB}.Debug|Any CPU.ActiveCfg = Debug|Any CPU
		{0E0677D6-1C4C-4213-BD2B-5F31B334B1CB}.Debug|Any CPU.Build.0 = Debug|Any CPU
		{0E0677D6-1C4C-4213-BD2B-5F31B334B1CB}.Release|Any CPU.ActiveCfg = Release|Any CPU
		{0E0677D6-1C4C-4213-BD2B-5F31B334B1CB}.Release|Any CPU.Build.0 = Release|Any CPU
		{F5E9B9A6-E85A-4F7E-9E58-83C24B72BEC6}.Debug|Any CPU.ActiveCfg = Debug|Any CPU
		{F5E9B9A6-E85A-4F7E-9E58-83C24B72BEC6}.Debug|Any CPU.Build.0 = Debug|Any CPU
		{F5E9B9A6-E85A-4F7E-9E58-83C24B72BEC6}.Release|Any CPU.ActiveCfg = Release|Any CPU
		{F5E9B9A6-E85A-4F7E-9E58-83C24B72BEC6}.Release|Any CPU.Build.0 = Release|Any CPU
	EndGlobalSection
	GlobalSection(SolutionProperties) = preSolution
		HideSolutionNode = FALSE
	EndGlobalSection
	GlobalSection(ExtensibilityGlobals) = postSolution
		SolutionGuid = {728FD3B3-6BAC-49FE-9D6B-B0AFEBE5C7B9}
	EndGlobalSection
	GlobalSection(NestedProjects) = preSolution
		{A97779FE-07E1-4A86-9F70-1C65B2EFBB7B} = {99D3C865-48C1-4931-B248-7E9B26FF1FF8}
		{0DF3CFA3-BCE8-4505-93C6-60F5090C08CC} = {99D3C865-48C1-4931-B248-7E9B26FF1FF8}
		{0E0677D6-1C4C-4213-BD2B-5F31B334B1CB} = {B84A79C5-19CB-48CE-8914-3B5E83F83A1B}
		{F5E9B9A6-E85A-4F7E-9E58-83C24B72BEC6} = {BF8B0D75-A2E1-4A91-8581-6C218FE73FC0}
	EndGlobalSection
EndGlobal
