
Microsoft Visual Studio Solution File, Format Version 12.00
# Visual Studio Version 17
VisualStudioVersion = 17.4.33205.214
MinimumVisualStudioVersion = 10.0.40219.1
Project("{2150E333-8FDC-42A3-9474-1A3956D46DE8}") = "01-Build", "01-Build", "{BF8B0D75-A2E1-4A91-8581-6C218FE73FC0}"
EndProject
Project("{2150E333-8FDC-42A3-9474-1A3956D46DE8}") = "00-Sln", "00-Sln", "{E5052DCF-8EF4-43FE-B5C6-8B19678E3395}"
	ProjectSection(SolutionItems) = preProject
		..\LICENSE = ..\LICENSE
		..\README.md = ..\README.md
		build.cmd = build.cmd
		build.ps1 = build.ps1
		build.sh = build.sh
		Directory.Build.props = Directory.Build.props
		Directory.Packages.props = Directory.Packages.props
		global.json = global.json
		..\.editorconfig = ..\.editorconfig
		..\.gitattributes = ..\.gitattributes
		..\.gitignore = ..\.gitignore
		..\version.json = ..\version.json
	EndProjectSection
EndProject
Project("{FAE04EC0-301F-11D3-BF4B-00C04F79EFBC}") = "NukeBuild", "01-Build\NukeBuild\NukeBuild.csproj", "{F5E9B9A6-E85A-4F7E-9E58-83C24B72BEC6}"
EndProject
Project("{FAE04EC0-301F-11D3-BF4B-00C04F79EFBC}") = "DeclarativeCommandLine", "DeclarativeCommandLine\DeclarativeCommandLine.csproj", "{165F4D51-DABA-474B-86C7-9B0A79E337EB}"
EndProject
Project("{FAE04EC0-301F-11D3-BF4B-00C04F79EFBC}") = "DeclarativeCommandLine.Generator", "DeclarativeCommandLine.Generator\DeclarativeCommandLine.Generator.csproj", "{1D121C8C-5974-452F-8765-892A831126E2}"
EndProject
Project("{FAE04EC0-301F-11D3-BF4B-00C04F79EFBC}") = "DeclarativeCommandLine.TestApp", "DeclarativeCommandLine.TestApp\DeclarativeCommandLine.TestApp.csproj", "{010F7178-3916-463F-86D3-DC7451800198}"
EndProject
Project("{FAE04EC0-301F-11D3-BF4B-00C04F79EFBC}") = "DeclarativeCommandLine.UnitTest", "DeclarativeCommandLine.UnitTest\DeclarativeCommandLine.UnitTest.csproj", "{7AC0B975-7938-4A33-B855-3B2849B4A025}"
EndProject
Global
	GlobalSection(SolutionConfigurationPlatforms) = preSolution
		Debug|Any CPU = Debug|Any CPU
		Release|Any CPU = Release|Any CPU
	EndGlobalSection
	GlobalSection(ProjectConfigurationPlatforms) = postSolution
		{F5E9B9A6-E85A-4F7E-9E58-83C24B72BEC6}.Debug|Any CPU.ActiveCfg = Debug|Any CPU
		{F5E9B9A6-E85A-4F7E-9E58-83C24B72BEC6}.Debug|Any CPU.Build.0 = Debug|Any CPU
		{F5E9B9A6-E85A-4F7E-9E58-83C24B72BEC6}.Release|Any CPU.ActiveCfg = Release|Any CPU
		{F5E9B9A6-E85A-4F7E-9E58-83C24B72BEC6}.Release|Any CPU.Build.0 = Release|Any CPU
		{165F4D51-DABA-474B-86C7-9B0A79E337EB}.Debug|Any CPU.ActiveCfg = Debug|Any CPU
		{165F4D51-DABA-474B-86C7-9B0A79E337EB}.Debug|Any CPU.Build.0 = Debug|Any CPU
		{165F4D51-DABA-474B-86C7-9B0A79E337EB}.Release|Any CPU.ActiveCfg = Release|Any CPU
		{165F4D51-DABA-474B-86C7-9B0A79E337EB}.Release|Any CPU.Build.0 = Release|Any CPU
		{1D121C8C-5974-452F-8765-892A831126E2}.Debug|Any CPU.ActiveCfg = Debug|Any CPU
		{1D121C8C-5974-452F-8765-892A831126E2}.Debug|Any CPU.Build.0 = Debug|Any CPU
		{1D121C8C-5974-452F-8765-892A831126E2}.Release|Any CPU.ActiveCfg = Release|Any CPU
		{1D121C8C-5974-452F-8765-892A831126E2}.Release|Any CPU.Build.0 = Release|Any CPU
		{010F7178-3916-463F-86D3-DC7451800198}.Debug|Any CPU.ActiveCfg = Debug|Any CPU
		{010F7178-3916-463F-86D3-DC7451800198}.Debug|Any CPU.Build.0 = Debug|Any CPU
		{010F7178-3916-463F-86D3-DC7451800198}.Release|Any CPU.ActiveCfg = Release|Any CPU
		{010F7178-3916-463F-86D3-DC7451800198}.Release|Any CPU.Build.0 = Release|Any CPU
		{7AC0B975-7938-4A33-B855-3B2849B4A025}.Debug|Any CPU.ActiveCfg = Debug|Any CPU
		{7AC0B975-7938-4A33-B855-3B2849B4A025}.Debug|Any CPU.Build.0 = Debug|Any CPU
		{7AC0B975-7938-4A33-B855-3B2849B4A025}.Release|Any CPU.ActiveCfg = Release|Any CPU
		{7AC0B975-7938-4A33-B855-3B2849B4A025}.Release|Any CPU.Build.0 = Release|Any CPU
	EndGlobalSection
	GlobalSection(SolutionProperties) = preSolution
		HideSolutionNode = FALSE
	EndGlobalSection
	GlobalSection(ExtensibilityGlobals) = postSolution
		SolutionGuid = {728FD3B3-6BAC-49FE-9D6B-B0AFEBE5C7B9}
	EndGlobalSection
	GlobalSection(NestedProjects) = preSolution
		{F5E9B9A6-E85A-4F7E-9E58-83C24B72BEC6} = {BF8B0D75-A2E1-4A91-8581-6C218FE73FC0}
	EndGlobalSection
EndGlobal
